
Microsoft Visual Studio Solution File, Format Version 12.00
# Visual Studio Version 17
VisualStudioVersion = 17.9.34902.65
MinimumVisualStudioVersion = 10.0.40219.1
Project("{FAE04EC0-301F-11D3-BF4B-00C04F79EFBC}") = "MagicNumbers", "MagicNumbers\MagicNumbers.csproj", "{C67757CF-509A-4730-A2B4-1FEF4CADF2D0}"
EndProject
Project("{FAE04EC0-301F-11D3-BF4B-00C04F79EFBC}") = "MinMaxValues", "MinMaxValues\MinMaxValues.csproj", "{4209A4B6-F8A9-41E6-9F18-D075072EDEC4}"
EndProject
Global
	GlobalSection(SolutionConfigurationPlatforms) = preSolution
		Debug|Any CPU = Debug|Any CPU
		Release|Any CPU = Release|Any CPU
	EndGlobalSection
	GlobalSection(ProjectConfigurationPlatforms) = postSolution
		{C67757CF-509A-4730-A2B4-1FEF4CADF2D0}.Debug|Any CPU.ActiveCfg = Debug|Any CPU
		{C67757CF-509A-4730-A2B4-1FEF4CADF2D0}.Debug|Any CPU.Build.0 = Debug|Any CPU
		{C67757CF-509A-4730-A2B4-1FEF4CADF2D0}.Release|Any CPU.ActiveCfg = Release|Any CPU
		{C67757CF-509A-4730-A2B4-1FEF4CADF2D0}.Release|Any CPU.Build.0 = Release|Any CPU
		{4209A4B6-F8A9-41E6-9F18-D075072EDEC4}.Debug|Any CPU.ActiveCfg = Debug|Any CPU
		{4209A4B6-F8A9-41E6-9F18-D075072EDEC4}.Debug|Any CPU.Build.0 = Debug|Any CPU
		{4209A4B6-F8A9-41E6-9F18-D075072EDEC4}.Release|Any CPU.ActiveCfg = Release|Any CPU
		{4209A4B6-F8A9-41E6-9F18-D075072EDEC4}.Release|Any CPU.Build.0 = Release|Any CPU
	EndGlobalSection
	GlobalSection(SolutionProperties) = preSolution
		HideSolutionNode = FALSE
	EndGlobalSection
	GlobalSection(ExtensibilityGlobals) = postSolution
		SolutionGuid = {5AC37F03-60B2-406B-93A4-663CC09C99B1}
	EndGlobalSection
EndGlobal
