
Microsoft Visual Studio Solution File, Format Version 12.00
# Visual Studio Version 17
VisualStudioVersion = 17.9.34902.65
MinimumVisualStudioVersion = 10.0.40219.1
Project("{FAE04EC0-301F-11D3-BF4B-00C04F79EFBC}") = "CalculateAverageGrade", "CalculateAverageGrade\CalculateAverageGrade.csproj", "{D486AF88-C6E6-4C10-B76A-71AF9121CB48}"
EndProject
Project("{FAE04EC0-301F-11D3-BF4B-00C04F79EFBC}") = "Rotations", "Rotations\Rotations.csproj", "{90FEFD87-9990-4BCA-A74B-8664B3124DF2}"
EndProject
Global
	GlobalSection(SolutionConfigurationPlatforms) = preSolution
		Debug|Any CPU = Debug|Any CPU
		Release|Any CPU = Release|Any CPU
	EndGlobalSection
	GlobalSection(ProjectConfigurationPlatforms) = postSolution
		{D486AF88-C6E6-4C10-B76A-71AF9121CB48}.Debug|Any CPU.ActiveCfg = Debug|Any CPU
		{D486AF88-C6E6-4C10-B76A-71AF9121CB48}.Debug|Any CPU.Build.0 = Debug|Any CPU
		{D486AF88-C6E6-4C10-B76A-71AF9121CB48}.Release|Any CPU.ActiveCfg = Release|Any CPU
		{D486AF88-C6E6-4C10-B76A-71AF9121CB48}.Release|Any CPU.Build.0 = Release|Any CPU
		{90FEFD87-9990-4BCA-A74B-8664B3124DF2}.Debug|Any CPU.ActiveCfg = Debug|Any CPU
		{90FEFD87-9990-4BCA-A74B-8664B3124DF2}.Debug|Any CPU.Build.0 = Debug|Any CPU
		{90FEFD87-9990-4BCA-A74B-8664B3124DF2}.Release|Any CPU.ActiveCfg = Release|Any CPU
		{90FEFD87-9990-4BCA-A74B-8664B3124DF2}.Release|Any CPU.Build.0 = Release|Any CPU
	EndGlobalSection
	GlobalSection(SolutionProperties) = preSolution
		HideSolutionNode = FALSE
	EndGlobalSection
	GlobalSection(ExtensibilityGlobals) = postSolution
		SolutionGuid = {8375A708-4937-453B-B40F-EAA68BE1448C}
	EndGlobalSection
EndGlobal
