
Microsoft Visual Studio Solution File, Format Version 12.00
# Visual Studio Version 17
VisualStudioVersion = 17.9.34902.65
MinimumVisualStudioVersion = 10.0.40219.1
Project("{FAE04EC0-301F-11D3-BF4B-00C04F79EFBC}") = "SumFactorialEvenDigits", "SumFactorialEvenDigits\SumFactorialEvenDigits.csproj", "{2A4F3949-48BF-481D-8C50-EBF93B1984FD}"
EndProject
Project("{FAE04EC0-301F-11D3-BF4B-00C04F79EFBC}") = "MiddleElements", "MiddleElements\MiddleElements.csproj", "{1A9376E4-B15E-441B-966E-C1D175CF83B5}"
EndProject
Global
	GlobalSection(SolutionConfigurationPlatforms) = preSolution
		Debug|Any CPU = Debug|Any CPU
		Release|Any CPU = Release|Any CPU
	EndGlobalSection
	GlobalSection(ProjectConfigurationPlatforms) = postSolution
		{2A4F3949-48BF-481D-8C50-EBF93B1984FD}.Debug|Any CPU.ActiveCfg = Debug|Any CPU
		{2A4F3949-48BF-481D-8C50-EBF93B1984FD}.Debug|Any CPU.Build.0 = Debug|Any CPU
		{2A4F3949-48BF-481D-8C50-EBF93B1984FD}.Release|Any CPU.ActiveCfg = Release|Any CPU
		{2A4F3949-48BF-481D-8C50-EBF93B1984FD}.Release|Any CPU.Build.0 = Release|Any CPU
		{1A9376E4-B15E-441B-966E-C1D175CF83B5}.Debug|Any CPU.ActiveCfg = Debug|Any CPU
		{1A9376E4-B15E-441B-966E-C1D175CF83B5}.Debug|Any CPU.Build.0 = Debug|Any CPU
		{1A9376E4-B15E-441B-966E-C1D175CF83B5}.Release|Any CPU.ActiveCfg = Release|Any CPU
		{1A9376E4-B15E-441B-966E-C1D175CF83B5}.Release|Any CPU.Build.0 = Release|Any CPU
	EndGlobalSection
	GlobalSection(SolutionProperties) = preSolution
		HideSolutionNode = FALSE
	EndGlobalSection
	GlobalSection(ExtensibilityGlobals) = postSolution
		SolutionGuid = {9779CA91-D5C2-41C3-B05B-F5CA167FB782}
	EndGlobalSection
EndGlobal
